{
  "originHash" : "fb855792970732906f4c67cb15ec3ebf76965d6cdf2236986737d2a1710466bf",
  "pins" : [
    {
      "identity" : "realm-core",
      "kind" : "remoteSourceControl",
      "location" : "https://github.com/realm/realm-core.git",
      "state" : {
        "revision" : "b4192c46305570577c4d08df790fddec5ab3aa04",
        "version" : "20.1.5"
      }
    },
    {
      "identity" : "realm-swift",
      "kind" : "remoteSourceControl",
      "location" : "https://github.com/realm/realm-swift.git",
      "state" : {
        "revision" : "a40ced79265b644a896e393b0f3a37e7916e7de3",
        "version" : "20.0.6"
      }
    }
  ],
  "version" : 3
}
